// !$*UTF8*$!
{
	archiveVersion = 1;
	classes = {
	};
	objectVersion = 46;
	objects = {

/* Begin PBXBuildFile section */
		455328C31A0CE9840025AD71 /* main.m in Sources */ = {isa = PBXBuildFile; fileRef = 455328C21A0CE9840025AD71 /* main.m */; };
		455328C61A0CE9840025AD71 /* AppDelegate.m in Sources */ = {isa = PBXBuildFile; fileRef = 455328C51A0CE9840025AD71 /* AppDelegate.m */; };
		455328C91A0CE9840025AD71 /* FirstViewController.m in Sources */ = {isa = PBXBuildFile; fileRef = 455328C81A0CE9840025AD71 /* FirstViewController.m */; };
		455328CC1A0CE9840025AD71 /* SecondViewController.m in Sources */ = {isa = PBXBuildFile; fileRef = 455328CB1A0CE9840025AD71 /* SecondViewController.m */; };
		455328CF1A0CE9840025AD71 /* Main.storyboard in Resources */ = {isa = PBXBuildFile; fileRef = 455328CD1A0CE9840025AD71 /* Main.storyboard */; };
		455328D11A0CE9840025AD71 /* Images.xcassets in Resources */ = {isa = PBXBuildFile; fileRef = 455328D01A0CE9840025AD71 /* Images.xcassets */; };
		455328D41A0CE9840025AD71 /* LaunchScreen.xib in Resources */ = {isa = PBXBuildFile; fileRef = 455328D21A0CE9840025AD71 /* LaunchScreen.xib */; };
		455328E01A0CE9850025AD71 /* uppackerTests.m in Sources */ = {isa = PBXBuildFile; fileRef = 455328DF1A0CE9850025AD71 /* uppackerTests.m */; };
		455328EA1A0CEBA70025AD71 /* MapKit.framework in Frameworks */ = {isa = PBXBuildFile; fileRef = 455328E91A0CEBA70025AD71 /* MapKit.framework */; };
		455328EC1A0CEBAE0025AD71 /* CoreLocation.framework in Frameworks */ = {isa = PBXBuildFile; fileRef = 455328EB1A0CEBAE0025AD71 /* CoreLocation.framework */; };
		455328F01A0CEC820025AD71 /* MapPoint.m in Sources */ = {isa = PBXBuildFile; fileRef = 455328EF1A0CEC820025AD71 /* MapPoint.m */; };
		455328F31A0D02710025AD71 /* RunViewController.m in Sources */ = {isa = PBXBuildFile; fileRef = 455328F21A0D02710025AD71 /* RunViewController.m */; };
		455328F61A0D039E0025AD71 /* pari.jpg in Resources */ = {isa = PBXBuildFile; fileRef = 455328F51A0D039E0025AD71 /* pari.jpg */; };
		455328F81A0D071A0025AD71 /* dash.png in Resources */ = {isa = PBXBuildFile; fileRef = 455328F71A0D071A0025AD71 /* dash.png */; };
		455328FC1A0D13670025AD71 /* MyAnnotation.m in Sources */ = {isa = PBXBuildFile; fileRef = 455328FB1A0D13670025AD71 /* MyAnnotation.m */; };
		455328FE1A0D15E50025AD71 /* location.plist in Resources */ = {isa = PBXBuildFile; fileRef = 455328FD1A0D15E50025AD71 /* location.plist */; };
		455329001A0D3E8B0025AD71 /* roma.png in Resources */ = {isa = PBXBuildFile; fileRef = 455328FF1A0D3E8B0025AD71 /* roma.png */; };
		455329031A0D458F0025AD71 /* DetailViewController.m in Sources */ = {isa = PBXBuildFile; fileRef = 455329021A0D458F0025AD71 /* DetailViewController.m */; };
		455329051A0D4A7B0025AD71 /* roma_photo.jpg in Resources */ = {isa = PBXBuildFile; fileRef = 455329041A0D4A7B0025AD71 /* roma_photo.jpg */; };
		455329071A0D73DD0025AD71 /* bal_photo.jpg in Resources */ = {isa = PBXBuildFile; fileRef = 455329061A0D73DD0025AD71 /* bal_photo.jpg */; };
		455329091A0D7BF50025AD71 /* QuartzCore.framework in Frameworks */ = {isa = PBXBuildFile; fileRef = 455329081A0D7BF50025AD71 /* QuartzCore.framework */; };
		4553290B1A0D7C000025AD71 /* UIKit.framework in Frameworks */ = {isa = PBXBuildFile; fileRef = 4553290A1A0D7C000025AD71 /* UIKit.framework */; };
		4553290D1A0D7C080025AD71 /* Foundation.framework in Frameworks */ = {isa = PBXBuildFile; fileRef = 4553290C1A0D7C080025AD71 /* Foundation.framework */; };
		4553290F1A0D7C0E0025AD71 /* CoreGraphics.framework in Frameworks */ = {isa = PBXBuildFile; fileRef = 4553290E1A0D7C0E0025AD71 /* CoreGraphics.framework */; };
		455329191A0D7DB10025AD71 /* .gitkeep in Resources */ = {isa = PBXBuildFile; fileRef = 455329111A0D7DB10025AD71 /* .gitkeep */; };
		4553291A1A0D7DB10025AD71 /* ASOBounceButtonView.m in Sources */ = {isa = PBXBuildFile; fileRef = 455329141A0D7DB10025AD71 /* ASOBounceButtonView.m */; };
		4553291B1A0D7DB10025AD71 /* ASOTwoStateButton.m in Sources */ = {isa = PBXBuildFile; fileRef = 455329181A0D7DB10025AD71 /* ASOTwoStateButton.m */; };
		45EF1B4F1A0DA1A4005152E1 /* run_p1.png in Resources */ = {isa = PBXBuildFile; fileRef = 45EF1B4E1A0DA1A4005152E1 /* run_p1.png */; };
		45EF1B521A0DAA36005152E1 /* TopViewController.m in Sources */ = {isa = PBXBuildFile; fileRef = 45EF1B511A0DAA36005152E1 /* TopViewController.m */; };
		45EF1B581A0DB928005152E1 /* rome.png in Resources */ = {isa = PBXBuildFile; fileRef = 45EF1B531A0DB928005152E1 /* rome.png */; };
		45EF1B591A0DB928005152E1 /* amsterdam.png in Resources */ = {isa = PBXBuildFile; fileRef = 45EF1B541A0DB928005152E1 /* amsterdam.png */; };
		45EF1B5A1A0DB928005152E1 /* munich.png in Resources */ = {isa = PBXBuildFile; fileRef = 45EF1B551A0DB928005152E1 /* munich.png */; };
		45EF1B5B1A0DB928005152E1 /* barcelona.png in Resources */ = {isa = PBXBuildFile; fileRef = 45EF1B561A0DB928005152E1 /* barcelona.png */; };
		45EF1B5C1A0DB928005152E1 /* milano.png in Resources */ = {isa = PBXBuildFile; fileRef = 45EF1B571A0DB928005152E1 /* milano.png */; };
		F5CE4D801A0CED2D006C0FFC /* MapManager.m in Sources */ = {isa = PBXBuildFile; fileRef = F5CE4D7F1A0CED2D006C0FFC /* MapManager.m */; };
		F5CE4D841A0CFB0F006C0FFC /* MapMission.m in Sources */ = {isa = PBXBuildFile; fileRef = F5CE4D831A0CFB0F006C0FFC /* MapMission.m */; };
		F5CE4D871A0D13C7006C0FFC /* badge_locked.png in Resources */ = {isa = PBXBuildFile; fileRef = F5CE4D851A0D13C7006C0FFC /* badge_locked.png */; };
		F5CE4D881A0D13C7006C0FFC /* badge_unlocked.png in Resources */ = {isa = PBXBuildFile; fileRef = F5CE4D861A0D13C7006C0FFC /* badge_unlocked.png */; };
/* End PBXBuildFile section */

/* Begin PBXContainerItemProxy section */
		455328DA1A0CE9840025AD71 /* PBXContainerItemProxy */ = {
			isa = PBXContainerItemProxy;
			containerPortal = 455328B51A0CE9840025AD71 /* Project object */;
			proxyType = 1;
			remoteGlobalIDString = 455328BC1A0CE9840025AD71;
			remoteInfo = uppacker;
		};
/* End PBXContainerItemProxy section */

/* Begin PBXFileReference section */
		455328BD1A0CE9840025AD71 /* uppacker.app */ = {isa = PBXFileReference; explicitFileType = wrapper.application; includeInIndex = 0; path = uppacker.app; sourceTree = BUILT_PRODUCTS_DIR; };
		455328C11A0CE9840025AD71 /* Info.plist */ = {isa = PBXFileReference; lastKnownFileType = text.plist.xml; path = Info.plist; sourceTree = "<group>"; };
		455328C21A0CE9840025AD71 /* main.m */ = {isa = PBXFileReference; lastKnownFileType = sourcecode.c.objc; path = main.m; sourceTree = "<group>"; };
		455328C41A0CE9840025AD71 /* AppDelegate.h */ = {isa = PBXFileReference; lastKnownFileType = sourcecode.c.h; path = AppDelegate.h; sourceTree = "<group>"; };
		455328C51A0CE9840025AD71 /* AppDelegate.m */ = {isa = PBXFileReference; lastKnownFileType = sourcecode.c.objc; path = AppDelegate.m; sourceTree = "<group>"; };
		455328C71A0CE9840025AD71 /* FirstViewController.h */ = {isa = PBXFileReference; lastKnownFileType = sourcecode.c.h; path = FirstViewController.h; sourceTree = "<group>"; };
		455328C81A0CE9840025AD71 /* FirstViewController.m */ = {isa = PBXFileReference; lastKnownFileType = sourcecode.c.objc; path = FirstViewController.m; sourceTree = "<group>"; };
		455328CA1A0CE9840025AD71 /* SecondViewController.h */ = {isa = PBXFileReference; lastKnownFileType = sourcecode.c.h; path = SecondViewController.h; sourceTree = "<group>"; };
		455328CB1A0CE9840025AD71 /* SecondViewController.m */ = {isa = PBXFileReference; lastKnownFileType = sourcecode.c.objc; path = SecondViewController.m; sourceTree = "<group>"; };
		455328CE1A0CE9840025AD71 /* Base */ = {isa = PBXFileReference; lastKnownFileType = file.storyboard; name = Base; path = Base.lproj/Main.storyboard; sourceTree = "<group>"; };
		455328D01A0CE9840025AD71 /* Images.xcassets */ = {isa = PBXFileReference; lastKnownFileType = folder.assetcatalog; path = Images.xcassets; sourceTree = "<group>"; };
		455328D31A0CE9840025AD71 /* Base */ = {isa = PBXFileReference; lastKnownFileType = file.xib; name = Base; path = Base.lproj/LaunchScreen.xib; sourceTree = "<group>"; };
		455328D91A0CE9840025AD71 /* uppackerTests.xctest */ = {isa = PBXFileReference; explicitFileType = wrapper.cfbundle; includeInIndex = 0; path = uppackerTests.xctest; sourceTree = BUILT_PRODUCTS_DIR; };
		455328DE1A0CE9840025AD71 /* Info.plist */ = {isa = PBXFileReference; lastKnownFileType = text.plist.xml; path = Info.plist; sourceTree = "<group>"; };
		455328DF1A0CE9850025AD71 /* uppackerTests.m */ = {isa = PBXFileReference; lastKnownFileType = sourcecode.c.objc; path = uppackerTests.m; sourceTree = "<group>"; };
		455328E91A0CEBA70025AD71 /* MapKit.framework */ = {isa = PBXFileReference; lastKnownFileType = wrapper.framework; name = MapKit.framework; path = System/Library/Frameworks/MapKit.framework; sourceTree = SDKROOT; };
		455328EB1A0CEBAE0025AD71 /* CoreLocation.framework */ = {isa = PBXFileReference; lastKnownFileType = wrapper.framework; name = CoreLocation.framework; path = System/Library/Frameworks/CoreLocation.framework; sourceTree = SDKROOT; };
		455328EE1A0CEC820025AD71 /* MapPoint.h */ = {isa = PBXFileReference; fileEncoding = 4; lastKnownFileType = sourcecode.c.h; path = MapPoint.h; sourceTree = "<group>"; };
		455328EF1A0CEC820025AD71 /* MapPoint.m */ = {isa = PBXFileReference; fileEncoding = 4; lastKnownFileType = sourcecode.c.objc; path = MapPoint.m; sourceTree = "<group>"; };
		455328F11A0D02710025AD71 /* RunViewController.h */ = {isa = PBXFileReference; fileEncoding = 4; lastKnownFileType = sourcecode.c.h; path = RunViewController.h; sourceTree = "<group>"; };
		455328F21A0D02710025AD71 /* RunViewController.m */ = {isa = PBXFileReference; fileEncoding = 4; lastKnownFileType = sourcecode.c.objc; path = RunViewController.m; sourceTree = "<group>"; };
		455328F51A0D039E0025AD71 /* pari.jpg */ = {isa = PBXFileReference; lastKnownFileType = image.jpeg; path = pari.jpg; sourceTree = "<group>"; };
		455328F71A0D071A0025AD71 /* dash.png */ = {isa = PBXFileReference; lastKnownFileType = image.png; path = dash.png; sourceTree = "<group>"; };
		455328FA1A0D13670025AD71 /* MyAnnotation.h */ = {isa = PBXFileReference; fileEncoding = 4; lastKnownFileType = sourcecode.c.h; path = MyAnnotation.h; sourceTree = "<group>"; };
		455328FB1A0D13670025AD71 /* MyAnnotation.m */ = {isa = PBXFileReference; fileEncoding = 4; lastKnownFileType = sourcecode.c.objc; path = MyAnnotation.m; sourceTree = "<group>"; };
		455328FD1A0D15E50025AD71 /* location.plist */ = {isa = PBXFileReference; fileEncoding = 4; lastKnownFileType = text.plist.xml; path = location.plist; sourceTree = "<group>"; };
		455328FF1A0D3E8B0025AD71 /* roma.png */ = {isa = PBXFileReference; lastKnownFileType = image.png; path = roma.png; sourceTree = "<group>"; };
		455329011A0D458F0025AD71 /* DetailViewController.h */ = {isa = PBXFileReference; fileEncoding = 4; lastKnownFileType = sourcecode.c.h; path = DetailViewController.h; sourceTree = "<group>"; };
		455329021A0D458F0025AD71 /* DetailViewController.m */ = {isa = PBXFileReference; fileEncoding = 4; lastKnownFileType = sourcecode.c.objc; path = DetailViewController.m; sourceTree = "<group>"; };
		455329041A0D4A7B0025AD71 /* roma_photo.jpg */ = {isa = PBXFileReference; lastKnownFileType = image.jpeg; path = roma_photo.jpg; sourceTree = "<group>"; };
		455329061A0D73DD0025AD71 /* bal_photo.jpg */ = {isa = PBXFileReference; lastKnownFileType = image.jpeg; path = bal_photo.jpg; sourceTree = "<group>"; };
		455329081A0D7BF50025AD71 /* QuartzCore.framework */ = {isa = PBXFileReference; lastKnownFileType = wrapper.framework; name = QuartzCore.framework; path = System/Library/Frameworks/QuartzCore.framework; sourceTree = SDKROOT; };
		4553290A1A0D7C000025AD71 /* UIKit.framework */ = {isa = PBXFileReference; lastKnownFileType = wrapper.framework; name = UIKit.framework; path = System/Library/Frameworks/UIKit.framework; sourceTree = SDKROOT; };
		4553290C1A0D7C080025AD71 /* Foundation.framework */ = {isa = PBXFileReference; lastKnownFileType = wrapper.framework; name = Foundation.framework; path = System/Library/Frameworks/Foundation.framework; sourceTree = SDKROOT; };
		4553290E1A0D7C0E0025AD71 /* CoreGraphics.framework */ = {isa = PBXFileReference; lastKnownFileType = wrapper.framework; name = CoreGraphics.framework; path = System/Library/Frameworks/CoreGraphics.framework; sourceTree = SDKROOT; };
		455329111A0D7DB10025AD71 /* .gitkeep */ = {isa = PBXFileReference; fileEncoding = 4; lastKnownFileType = text; path = .gitkeep; sourceTree = "<group>"; };
		455329131A0D7DB10025AD71 /* ASOBounceButtonView.h */ = {isa = PBXFileReference; fileEncoding = 4; lastKnownFileType = sourcecode.c.h; path = ASOBounceButtonView.h; sourceTree = "<group>"; };
		455329141A0D7DB10025AD71 /* ASOBounceButtonView.m */ = {isa = PBXFileReference; fileEncoding = 4; lastKnownFileType = sourcecode.c.objc; path = ASOBounceButtonView.m; sourceTree = "<group>"; };
		455329151A0D7DB10025AD71 /* ASOBounceButtonViewDelegate.h */ = {isa = PBXFileReference; fileEncoding = 4; lastKnownFileType = sourcecode.c.h; path = ASOBounceButtonViewDelegate.h; sourceTree = "<group>"; };
		455329171A0D7DB10025AD71 /* ASOTwoStateButton.h */ = {isa = PBXFileReference; fileEncoding = 4; lastKnownFileType = sourcecode.c.h; path = ASOTwoStateButton.h; sourceTree = "<group>"; };
		455329181A0D7DB10025AD71 /* ASOTwoStateButton.m */ = {isa = PBXFileReference; fileEncoding = 4; lastKnownFileType = sourcecode.c.objc; path = ASOTwoStateButton.m; sourceTree = "<group>"; };
		45EF1B4E1A0DA1A4005152E1 /* run_p1.png */ = {isa = PBXFileReference; lastKnownFileType = image.png; path = run_p1.png; sourceTree = "<group>"; };
		45EF1B501A0DAA36005152E1 /* TopViewController.h */ = {isa = PBXFileReference; fileEncoding = 4; lastKnownFileType = sourcecode.c.h; path = TopViewController.h; sourceTree = "<group>"; };
		45EF1B511A0DAA36005152E1 /* TopViewController.m */ = {isa = PBXFileReference; fileEncoding = 4; lastKnownFileType = sourcecode.c.objc; path = TopViewController.m; sourceTree = "<group>"; };
		45EF1B531A0DB928005152E1 /* rome.png */ = {isa = PBXFileReference; lastKnownFileType = image.png; path = rome.png; sourceTree = "<group>"; };
		45EF1B541A0DB928005152E1 /* amsterdam.png */ = {isa = PBXFileReference; lastKnownFileType = image.png; path = amsterdam.png; sourceTree = "<group>"; };
		45EF1B551A0DB928005152E1 /* munich.png */ = {isa = PBXFileReference; lastKnownFileType = image.png; path = munich.png; sourceTree = "<group>"; };
		45EF1B561A0DB928005152E1 /* barcelona.png */ = {isa = PBXFileReference; lastKnownFileType = image.png; path = barcelona.png; sourceTree = "<group>"; };
		45EF1B571A0DB928005152E1 /* milano.png */ = {isa = PBXFileReference; lastKnownFileType = image.png; path = milano.png; sourceTree = "<group>"; };
		F5CE4D7F1A0CED2D006C0FFC /* MapManager.m */ = {isa = PBXFileReference; fileEncoding = 4; lastKnownFileType = sourcecode.c.objc; path = MapManager.m; sourceTree = "<group>"; };
		F5CE4D811A0CED39006C0FFC /* MapManager.h */ = {isa = PBXFileReference; lastKnownFileType = sourcecode.c.h; path = MapManager.h; sourceTree = "<group>"; };
		F5CE4D821A0CFB0F006C0FFC /* MapMission.h */ = {isa = PBXFileReference; fileEncoding = 4; lastKnownFileType = sourcecode.c.h; path = MapMission.h; sourceTree = "<group>"; };
		F5CE4D831A0CFB0F006C0FFC /* MapMission.m */ = {isa = PBXFileReference; fileEncoding = 4; lastKnownFileType = sourcecode.c.objc; path = MapMission.m; sourceTree = "<group>"; };
		F5CE4D851A0D13C7006C0FFC /* badge_locked.png */ = {isa = PBXFileReference; lastKnownFileType = image.png; path = badge_locked.png; sourceTree = "<group>"; };
		F5CE4D861A0D13C7006C0FFC /* badge_unlocked.png */ = {isa = PBXFileReference; lastKnownFileType = image.png; path = badge_unlocked.png; sourceTree = "<group>"; };
/* End PBXFileReference section */

/* Begin PBXFrameworksBuildPhase section */
		455328BA1A0CE9840025AD71 /* Frameworks */ = {
			isa = PBXFrameworksBuildPhase;
			buildActionMask = 2147483647;
			files = (
				4553290F1A0D7C0E0025AD71 /* CoreGraphics.framework in Frameworks */,
				4553290D1A0D7C080025AD71 /* Foundation.framework in Frameworks */,
				4553290B1A0D7C000025AD71 /* UIKit.framework in Frameworks */,
				455329091A0D7BF50025AD71 /* QuartzCore.framework in Frameworks */,
				455328EC1A0CEBAE0025AD71 /* CoreLocation.framework in Frameworks */,
				455328EA1A0CEBA70025AD71 /* MapKit.framework in Frameworks */,
			);
			runOnlyForDeploymentPostprocessing = 0;
		};
		455328D61A0CE9840025AD71 /* Frameworks */ = {
			isa = PBXFrameworksBuildPhase;
			buildActionMask = 2147483647;
			files = (
			);
			runOnlyForDeploymentPostprocessing = 0;
		};
/* End PBXFrameworksBuildPhase section */

/* Begin PBXGroup section */
		455328B41A0CE9840025AD71 = {
			isa = PBXGroup;
			children = (
				4553290E1A0D7C0E0025AD71 /* CoreGraphics.framework */,
				4553290C1A0D7C080025AD71 /* Foundation.framework */,
				4553290A1A0D7C000025AD71 /* UIKit.framework */,
				455329081A0D7BF50025AD71 /* QuartzCore.framework */,
				455328EB1A0CEBAE0025AD71 /* CoreLocation.framework */,
				455328E91A0CEBA70025AD71 /* MapKit.framework */,
				455328BF1A0CE9840025AD71 /* uppacker */,
				455328DC1A0CE9840025AD71 /* uppackerTests */,
				455328BE1A0CE9840025AD71 /* Products */,
			);
			sourceTree = "<group>";
		};
		455328BE1A0CE9840025AD71 /* Products */ = {
			isa = PBXGroup;
			children = (
				455328BD1A0CE9840025AD71 /* uppacker.app */,
				455328D91A0CE9840025AD71 /* uppackerTests.xctest */,
			);
			name = Products;
			sourceTree = "<group>";
		};
		455328BF1A0CE9840025AD71 /* uppacker */ = {
			isa = PBXGroup;
			children = (
				455328F91A0D132E0025AD71 /* MapViewLib */,
				455328F41A0D038F0025AD71 /* Img */,
				455328ED1A0CEC820025AD71 /* Lib */,
				455328C41A0CE9840025AD71 /* AppDelegate.h */,
				455328C51A0CE9840025AD71 /* AppDelegate.m */,
				455328C71A0CE9840025AD71 /* FirstViewController.h */,
				455328C81A0CE9840025AD71 /* FirstViewController.m */,
				455328CA1A0CE9840025AD71 /* SecondViewController.h */,
				455328CB1A0CE9840025AD71 /* SecondViewController.m */,
				455328CD1A0CE9840025AD71 /* Main.storyboard */,
				455328D21A0CE9840025AD71 /* LaunchScreen.xib */,
				455328C01A0CE9840025AD71 /* Supporting Files */,
				455328F11A0D02710025AD71 /* RunViewController.h */,
				455328F21A0D02710025AD71 /* RunViewController.m */,
				455328D01A0CE9840025AD71 /* Images.xcassets */,
				455329011A0D458F0025AD71 /* DetailViewController.h */,
				455329021A0D458F0025AD71 /* DetailViewController.m */,
				45EF1B501A0DAA36005152E1 /* TopViewController.h */,
				45EF1B511A0DAA36005152E1 /* TopViewController.m */,
			);
			path = uppacker;
			sourceTree = "<group>";
		};
		455328C01A0CE9840025AD71 /* Supporting Files */ = {
			isa = PBXGroup;
			children = (
				455328C11A0CE9840025AD71 /* Info.plist */,
				455328C21A0CE9840025AD71 /* main.m */,
			);
			name = "Supporting Files";
			sourceTree = "<group>";
		};
		455328DC1A0CE9840025AD71 /* uppackerTests */ = {
			isa = PBXGroup;
			children = (
				455328DF1A0CE9850025AD71 /* uppackerTests.m */,
				455328DD1A0CE9840025AD71 /* Supporting Files */,
			);
			path = uppackerTests;
			sourceTree = "<group>";
		};
		455328DD1A0CE9840025AD71 /* Supporting Files */ = {
			isa = PBXGroup;
			children = (
				455328DE1A0CE9840025AD71 /* Info.plist */,
			);
			name = "Supporting Files";
			sourceTree = "<group>";
		};
		455328ED1A0CEC820025AD71 /* Lib */ = {
			isa = PBXGroup;
			children = (
				455328EE1A0CEC820025AD71 /* MapPoint.h */,
				455328EF1A0CEC820025AD71 /* MapPoint.m */,
				F5CE4D811A0CED39006C0FFC /* MapManager.h */,
				F5CE4D7F1A0CED2D006C0FFC /* MapManager.m */,
				F5CE4D821A0CFB0F006C0FFC /* MapMission.h */,
				F5CE4D831A0CFB0F006C0FFC /* MapMission.m */,
			);
			path = Lib;
			sourceTree = "<group>";
		};
		455328F41A0D038F0025AD71 /* Img */ = {
			isa = PBXGroup;
			children = (
				45EF1B531A0DB928005152E1 /* rome.png */,
				45EF1B541A0DB928005152E1 /* amsterdam.png */,
				45EF1B551A0DB928005152E1 /* munich.png */,
				45EF1B561A0DB928005152E1 /* barcelona.png */,
				45EF1B571A0DB928005152E1 /* milano.png */,
				45EF1B4E1A0DA1A4005152E1 /* run_p1.png */,
				455329061A0D73DD0025AD71 /* bal_photo.jpg */,
				455329041A0D4A7B0025AD71 /* roma_photo.jpg */,
				455328FF1A0D3E8B0025AD71 /* roma.png */,
				F5CE4D851A0D13C7006C0FFC /* badge_locked.png */,
				F5CE4D861A0D13C7006C0FFC /* badge_unlocked.png */,
				455328F71A0D071A0025AD71 /* dash.png */,
				455328F51A0D039E0025AD71 /* pari.jpg */,
			);
			path = Img;
			sourceTree = "<group>";
		};
		455328F91A0D132E0025AD71 /* MapViewLib */ = {
			isa = PBXGroup;
			children = (
				455329101A0D7DB10025AD71 /* ios */,
				455328FA1A0D13670025AD71 /* MyAnnotation.h */,
				455328FB1A0D13670025AD71 /* MyAnnotation.m */,
				455328FD1A0D15E50025AD71 /* location.plist */,
			);
			path = MapViewLib;
			sourceTree = "<group>";
		};
		455329101A0D7DB10025AD71 /* ios */ = {
			isa = PBXGroup;
			children = (
				455329111A0D7DB10025AD71 /* .gitkeep */,
				455329121A0D7DB10025AD71 /* BounceButton */,
				455329161A0D7DB10025AD71 /* TwoStateButton */,
			);
			path = ios;
			sourceTree = "<group>";
		};
		455329121A0D7DB10025AD71 /* BounceButton */ = {
			isa = PBXGroup;
			children = (
				455329131A0D7DB10025AD71 /* ASOBounceButtonView.h */,
				455329141A0D7DB10025AD71 /* ASOBounceButtonView.m */,
				455329151A0D7DB10025AD71 /* ASOBounceButtonViewDelegate.h */,
			);
			path = BounceButton;
			sourceTree = "<group>";
		};
		455329161A0D7DB10025AD71 /* TwoStateButton */ = {
			isa = PBXGroup;
			children = (
				455329171A0D7DB10025AD71 /* ASOTwoStateButton.h */,
				455329181A0D7DB10025AD71 /* ASOTwoStateButton.m */,
			);
			path = TwoStateButton;
			sourceTree = "<group>";
		};
/* End PBXGroup section */

/* Begin PBXNativeTarget section */
		455328BC1A0CE9840025AD71 /* uppacker */ = {
			isa = PBXNativeTarget;
			buildConfigurationList = 455328E31A0CE9850025AD71 /* Build configuration list for PBXNativeTarget "uppacker" */;
			buildPhases = (
				455328B91A0CE9840025AD71 /* Sources */,
				455328BA1A0CE9840025AD71 /* Frameworks */,
				455328BB1A0CE9840025AD71 /* Resources */,
			);
			buildRules = (
			);
			dependencies = (
			);
			name = uppacker;
			productName = uppacker;
			productReference = 455328BD1A0CE9840025AD71 /* uppacker.app */;
			productType = "com.apple.product-type.application";
		};
		455328D81A0CE9840025AD71 /* uppackerTests */ = {
			isa = PBXNativeTarget;
			buildConfigurationList = 455328E61A0CE9850025AD71 /* Build configuration list for PBXNativeTarget "uppackerTests" */;
			buildPhases = (
				455328D51A0CE9840025AD71 /* Sources */,
				455328D61A0CE9840025AD71 /* Frameworks */,
				455328D71A0CE9840025AD71 /* Resources */,
			);
			buildRules = (
			);
			dependencies = (
				455328DB1A0CE9840025AD71 /* PBXTargetDependency */,
			);
			name = uppackerTests;
			productName = uppackerTests;
			productReference = 455328D91A0CE9840025AD71 /* uppackerTests.xctest */;
			productType = "com.apple.product-type.bundle.unit-test";
		};
/* End PBXNativeTarget section */

/* Begin PBXProject section */
		455328B51A0CE9840025AD71 /* Project object */ = {
			isa = PBXProject;
			attributes = {
				LastUpgradeCheck = 0610;
				ORGANIZATIONNAME = "Matsumura Katsuhiro";
				TargetAttributes = {
					455328BC1A0CE9840025AD71 = {
						CreatedOnToolsVersion = 6.1;
					};
					455328D81A0CE9840025AD71 = {
						CreatedOnToolsVersion = 6.1;
						TestTargetID = 455328BC1A0CE9840025AD71;
					};
				};
			};
			buildConfigurationList = 455328B81A0CE9840025AD71 /* Build configuration list for PBXProject "uppacker" */;
			compatibilityVersion = "Xcode 3.2";
			developmentRegion = English;
			hasScannedForEncodings = 0;
			knownRegions = (
				en,
				Base,
			);
			mainGroup = 455328B41A0CE9840025AD71;
			productRefGroup = 455328BE1A0CE9840025AD71 /* Products */;
			projectDirPath = "";
			projectRoot = "";
			targets = (
				455328BC1A0CE9840025AD71 /* uppacker */,
				455328D81A0CE9840025AD71 /* uppackerTests */,
			);
		};
/* End PBXProject section */

/* Begin PBXResourcesBuildPhase section */
		455328BB1A0CE9840025AD71 /* Resources */ = {
			isa = PBXResourcesBuildPhase;
			buildActionMask = 2147483647;
			files = (
				F5CE4D881A0D13C7006C0FFC /* badge_unlocked.png in Resources */,
				45EF1B5A1A0DB928005152E1 /* munich.png in Resources */,
				455328CF1A0CE9840025AD71 /* Main.storyboard in Resources */,
				45EF1B5C1A0DB928005152E1 /* milano.png in Resources */,
				455329001A0D3E8B0025AD71 /* roma.png in Resources */,
				45EF1B5B1A0DB928005152E1 /* barcelona.png in Resources */,
				455329191A0D7DB10025AD71 /* .gitkeep in Resources */,
				45EF1B581A0DB928005152E1 /* rome.png in Resources */,
				455329051A0D4A7B0025AD71 /* roma_photo.jpg in Resources */,
				455328F81A0D071A0025AD71 /* dash.png in Resources */,
				45EF1B4F1A0DA1A4005152E1 /* run_p1.png in Resources */,
				455328D41A0CE9840025AD71 /* LaunchScreen.xib in Resources */,
				F5CE4D871A0D13C7006C0FFC /* badge_locked.png in Resources */,
				455329071A0D73DD0025AD71 /* bal_photo.jpg in Resources */,
				455328D11A0CE9840025AD71 /* Images.xcassets in Resources */,
				45EF1B591A0DB928005152E1 /* amsterdam.png in Resources */,
				455328F61A0D039E0025AD71 /* pari.jpg in Resources */,
				455328FE1A0D15E50025AD71 /* location.plist in Resources */,
			);
			runOnlyForDeploymentPostprocessing = 0;
		};
		455328D71A0CE9840025AD71 /* Resources */ = {
			isa = PBXResourcesBuildPhase;
			buildActionMask = 2147483647;
			files = (
			);
			runOnlyForDeploymentPostprocessing = 0;
		};
/* End PBXResourcesBuildPhase section */

/* Begin PBXSourcesBuildPhase section */
		455328B91A0CE9840025AD71 /* Sources */ = {
			isa = PBXSourcesBuildPhase;
			buildActionMask = 2147483647;
			files = (
				4553291B1A0D7DB10025AD71 /* ASOTwoStateButton.m in Sources */,
				455328CC1A0CE9840025AD71 /* SecondViewController.m in Sources */,
				45EF1B521A0DAA36005152E1 /* TopViewController.m in Sources */,
				4553291A1A0D7DB10025AD71 /* ASOBounceButtonView.m in Sources */,
				455328C61A0CE9840025AD71 /* AppDelegate.m in Sources */,
				455328F31A0D02710025AD71 /* RunViewController.m in Sources */,
				455328C91A0CE9840025AD71 /* FirstViewController.m in Sources */,
				455328C31A0CE9840025AD71 /* main.m in Sources */,
				455329031A0D458F0025AD71 /* DetailViewController.m in Sources */,
				F5CE4D801A0CED2D006C0FFC /* MapManager.m in Sources */,
				455328F01A0CEC820025AD71 /* MapPoint.m in Sources */,
				F5CE4D841A0CFB0F006C0FFC /* MapMission.m in Sources */,
				455328FC1A0D13670025AD71 /* MyAnnotation.m in Sources */,
			);
			runOnlyForDeploymentPostprocessing = 0;
		};
		455328D51A0CE9840025AD71 /* Sources */ = {
			isa = PBXSourcesBuildPhase;
			buildActionMask = 2147483647;
			files = (
				455328E01A0CE9850025AD71 /* uppackerTests.m in Sources */,
			);
			runOnlyForDeploymentPostprocessing = 0;
		};
/* End PBXSourcesBuildPhase section */

/* Begin PBXTargetDependency section */
		455328DB1A0CE9840025AD71 /* PBXTargetDependency */ = {
			isa = PBXTargetDependency;
			target = 455328BC1A0CE9840025AD71 /* uppacker */;
			targetProxy = 455328DA1A0CE9840025AD71 /* PBXContainerItemProxy */;
		};
/* End PBXTargetDependency section */

/* Begin PBXVariantGroup section */
		455328CD1A0CE9840025AD71 /* Main.storyboard */ = {
			isa = PBXVariantGroup;
			children = (
				455328CE1A0CE9840025AD71 /* Base */,
			);
			name = Main.storyboard;
			sourceTree = "<group>";
		};
		455328D21A0CE9840025AD71 /* LaunchScreen.xib */ = {
			isa = PBXVariantGroup;
			children = (
				455328D31A0CE9840025AD71 /* Base */,
			);
			name = LaunchScreen.xib;
			sourceTree = "<group>";
		};
/* End PBXVariantGroup section */

/* Begin XCBuildConfiguration section */
		455328E11A0CE9850025AD71 /* Debug */ = {
			isa = XCBuildConfiguration;
			buildSettings = {
				ALWAYS_SEARCH_USER_PATHS = NO;
				CLANG_CXX_LANGUAGE_STANDARD = "gnu++0x";
				CLANG_CXX_LIBRARY = "libc++";
				CLANG_ENABLE_MODULES = YES;
				CLANG_ENABLE_OBJC_ARC = YES;
				CLANG_WARN_BOOL_CONVERSION = YES;
				CLANG_WARN_CONSTANT_CONVERSION = YES;
				CLANG_WARN_DIRECT_OBJC_ISA_USAGE = YES_ERROR;
				CLANG_WARN_EMPTY_BODY = YES;
				CLANG_WARN_ENUM_CONVERSION = YES;
				CLANG_WARN_INT_CONVERSION = YES;
				CLANG_WARN_OBJC_ROOT_CLASS = YES_ERROR;
				CLANG_WARN_UNREACHABLE_CODE = YES;
				CLANG_WARN__DUPLICATE_METHOD_MATCH = YES;
				"CODE_SIGN_IDENTITY[sdk=iphoneos*]" = "iPhone Developer";
				COPY_PHASE_STRIP = NO;
				ENABLE_STRICT_OBJC_MSGSEND = YES;
				GCC_C_LANGUAGE_STANDARD = gnu99;
				GCC_DYNAMIC_NO_PIC = NO;
				GCC_OPTIMIZATION_LEVEL = 0;
				GCC_PREPROCESSOR_DEFINITIONS = (
					"DEBUG=1",
					"$(inherited)",
				);
				GCC_SYMBOLS_PRIVATE_EXTERN = NO;
				GCC_WARN_64_TO_32_BIT_CONVERSION = YES;
				GCC_WARN_ABOUT_RETURN_TYPE = YES_ERROR;
				GCC_WARN_UNDECLARED_SELECTOR = YES;
				GCC_WARN_UNINITIALIZED_AUTOS = YES_AGGRESSIVE;
				GCC_WARN_UNUSED_FUNCTION = YES;
				GCC_WARN_UNUSED_VARIABLE = YES;
				IPHONEOS_DEPLOYMENT_TARGET = 8.1;
				MTL_ENABLE_DEBUG_INFO = YES;
				ONLY_ACTIVE_ARCH = YES;
				SDKROOT = iphoneos;
			};
			name = Debug;
		};
		455328E21A0CE9850025AD71 /* Release */ = {
			isa = XCBuildConfiguration;
			buildSettings = {
				ALWAYS_SEARCH_USER_PATHS = NO;
				CLANG_CXX_LANGUAGE_STANDARD = "gnu++0x";
				CLANG_CXX_LIBRARY = "libc++";
				CLANG_ENABLE_MODULES = YES;
				CLANG_ENABLE_OBJC_ARC = YES;
				CLANG_WARN_BOOL_CONVERSION = YES;
				CLANG_WARN_CONSTANT_CONVERSION = YES;
				CLANG_WARN_DIRECT_OBJC_ISA_USAGE = YES_ERROR;
				CLANG_WARN_EMPTY_BODY = YES;
				CLANG_WARN_ENUM_CONVERSION = YES;
				CLANG_WARN_INT_CONVERSION = YES;
				CLANG_WARN_OBJC_ROOT_CLASS = YES_ERROR;
				CLANG_WARN_UNREACHABLE_CODE = YES;
				CLANG_WARN__DUPLICATE_METHOD_MATCH = YES;
				"CODE_SIGN_IDENTITY[sdk=iphoneos*]" = "iPhone Developer";
				COPY_PHASE_STRIP = YES;
				ENABLE_NS_ASSERTIONS = NO;
				ENABLE_STRICT_OBJC_MSGSEND = YES;
				GCC_C_LANGUAGE_STANDARD = gnu99;
				GCC_WARN_64_TO_32_BIT_CONVERSION = YES;
				GCC_WARN_ABOUT_RETURN_TYPE = YES_ERROR;
				GCC_WARN_UNDECLARED_SELECTOR = YES;
				GCC_WARN_UNINITIALIZED_AUTOS = YES_AGGRESSIVE;
				GCC_WARN_UNUSED_FUNCTION = YES;
				GCC_WARN_UNUSED_VARIABLE = YES;
				IPHONEOS_DEPLOYMENT_TARGET = 8.1;
				MTL_ENABLE_DEBUG_INFO = NO;
				SDKROOT = iphoneos;
				VALIDATE_PRODUCT = YES;
			};
			name = Release;
		};
		455328E41A0CE9850025AD71 /* Debug */ = {
			isa = XCBuildConfiguration;
			buildSettings = {
				ASSETCATALOG_COMPILER_APPICON_NAME = AppIcon;
				ASSETCATALOG_COMPILER_LAUNCHIMAGE_NAME = LaunchImage;
				INFOPLIST_FILE = uppacker/Info.plist;
				IPHONEOS_DEPLOYMENT_TARGET = 7.1;
				LD_RUNPATH_SEARCH_PATHS = "$(inherited) @executable_path/Frameworks";
				PRODUCT_NAME = "$(TARGET_NAME)";
				TARGETED_DEVICE_FAMILY = 1;
			};
			name = Debug;
		};
		455328E51A0CE9850025AD71 /* Release */ = {
			isa = XCBuildConfiguration;
			buildSettings = {
				ASSETCATALOG_COMPILER_APPICON_NAME = AppIcon;
				ASSETCATALOG_COMPILER_LAUNCHIMAGE_NAME = LaunchImage;
				INFOPLIST_FILE = uppacker/Info.plist;
				IPHONEOS_DEPLOYMENT_TARGET = 7.1;
				LD_RUNPATH_SEARCH_PATHS = "$(inherited) @executable_path/Frameworks";
				PRODUCT_NAME = "$(TARGET_NAME)";
				TARGETED_DEVICE_FAMILY = 1;
			};
			name = Release;
		};
		455328E71A0CE9850025AD71 /* Debug */ = {
			isa = XCBuildConfiguration;
			buildSettings = {
				BUNDLE_LOADER = "$(TEST_HOST)";
				FRAMEWORK_SEARCH_PATHS = (
					"$(SDKROOT)/Developer/Library/Frameworks",
					"$(inherited)",
				);
				GCC_PREPROCESSOR_DEFINITIONS = (
					"DEBUG=1",
					"$(inherited)",
				);
				INFOPLIST_FILE = uppackerTests/Info.plist;
				LD_RUNPATH_SEARCH_PATHS = "$(inherited) @executable_path/Frameworks @loader_path/Frameworks";
				PRODUCT_NAME = "$(TARGET_NAME)";
				TEST_HOST = "$(BUILT_PRODUCTS_DIR)/uppacker.app/uppacker";
			};
			name = Debug;
		};
		455328E81A0CE9850025AD71 /* Release */ = {
			isa = XCBuildConfiguration;
			buildSettings = {
				BUNDLE_LOADER = "$(TEST_HOST)";
				FRAMEWORK_SEARCH_PATHS = (
					"$(SDKROOT)/Developer/Library/Frameworks",
					"$(inherited)",
				);
				INFOPLIST_FILE = uppackerTests/Info.plist;
				LD_RUNPATH_SEARCH_PATHS = "$(inherited) @executable_path/Frameworks @loader_path/Frameworks";
				PRODUCT_NAME = "$(TARGET_NAME)";
				TEST_HOST = "$(BUILT_PRODUCTS_DIR)/uppacker.app/uppacker";
			};
			name = Release;
		};
/* End XCBuildConfiguration section */

/* Begin XCConfigurationList section */
		455328B81A0CE9840025AD71 /* Build configuration list for PBXProject "uppacker" */ = {
			isa = XCConfigurationList;
			buildConfigurations = (
				455328E11A0CE9850025AD71 /* Debug */,
				455328E21A0CE9850025AD71 /* Release */,
			);
			defaultConfigurationIsVisible = 0;
			defaultConfigurationName = Release;
		};
		455328E31A0CE9850025AD71 /* Build configuration list for PBXNativeTarget "uppacker" */ = {
			isa = XCConfigurationList;
			buildConfigurations = (
				455328E41A0CE9850025AD71 /* Debug */,
				455328E51A0CE9850025AD71 /* Release */,
			);
			defaultConfigurationIsVisible = 0;
			defaultConfigurationName = Release;
		};
		455328E61A0CE9850025AD71 /* Build configuration list for PBXNativeTarget "uppackerTests" */ = {
			isa = XCConfigurationList;
			buildConfigurations = (
				455328E71A0CE9850025AD71 /* Debug */,
				455328E81A0CE9850025AD71 /* Release */,
			);
			defaultConfigurationIsVisible = 0;
			defaultConfigurationName = Release;
		};
/* End XCConfigurationList section */
	};
	rootObject = 455328B51A0CE9840025AD71 /* Project object */;
}
